
Microsoft Visual Studio Solution File, Format Version 12.00
# Visual Studio 15
VisualStudioVersion = 15.0.28307.421
MinimumVisualStudioVersion = 10.0.40219.1
Project("{FAE04EC0-301F-11D3-BF4B-00C04F79EFBC}") = "ConsoleApp4", "ConsoleApp4\ConsoleApp4.csproj", "{2AF36CE2-AA0A-4F17-AEC4-7B4024DA5C64}"
EndProject
Global
	GlobalSection(SolutionConfigurationPlatforms) = preSolution
		Debug|Any CPU = Debug|Any CPU
		Release|Any CPU = Release|Any CPU
	EndGlobalSection
	GlobalSection(ProjectConfigurationPlatforms) = postSolution
		{2AF36CE2-AA0A-4F17-AEC4-7B4024DA5C64}.Debug|Any CPU.ActiveCfg = Debug|Any CPU
		{2AF36CE2-AA0A-4F17-AEC4-7B4024DA5C64}.Debug|Any CPU.Build.0 = Debug|Any CPU
		{2AF36CE2-AA0A-4F17-AEC4-7B4024DA5C64}.Release|Any CPU.ActiveCfg = Release|Any CPU
		{2AF36CE2-AA0A-4F17-AEC4-7B4024DA5C64}.Release|Any CPU.Build.0 = Release|Any CPU
	EndGlobalSection
	GlobalSection(SolutionProperties) = preSolution
		HideSolutionNode = FALSE
	EndGlobalSection
	GlobalSection(ExtensibilityGlobals) = postSolution
		SolutionGuid = {25A5B002-DECD-4967-ACE7-35C88152AE71}
	EndGlobalSection
EndGlobal
